// !$*UTF8*$!
{
	archiveVersion = 1;
	classes = {
	};
	objectVersion = 46;
	objects = {

/* Begin PBXBuildFile section */
		B81FCB9E1D36AD1F003CE14D /* AppDelegate.swift in Sources */ = {isa = PBXBuildFile; fileRef = B81FCB9D1D36AD1F003CE14D /* AppDelegate.swift */; };
		B81FCBA01D36AD1F003CE14D /* ViewController.swift in Sources */ = {isa = PBXBuildFile; fileRef = B81FCB9F1D36AD1F003CE14D /* ViewController.swift */; };
		B81FCBA51D36AD1F003CE14D /* Assets.xcassets in Resources */ = {isa = PBXBuildFile; fileRef = B81FCBA41D36AD1F003CE14D /* Assets.xcassets */; };
		B81FCBB31D36AD1F003CE14D /* WW_Exercise_01Tests.swift in Sources */ = {isa = PBXBuildFile; fileRef = B81FCBB21D36AD1F003CE14D /* WW_Exercise_01Tests.swift */; };
		B81FCBBE1D36AD1F003CE14D /* WW_Exercise_01UITests.swift in Sources */ = {isa = PBXBuildFile; fileRef = B81FCBBD1D36AD1F003CE14D /* WW_Exercise_01UITests.swift */; };
		B81FCBCD1D36E016003CE14D /* LaunchScreen.storyboard in Resources */ = {isa = PBXBuildFile; fileRef = B81FCBA61D36AD1F003CE14D /* LaunchScreen.storyboard */; };
		F185F5495678FCA99DE40AD0 /* Pods_WW_Exercise_01.framework in Frameworks */ = {isa = PBXBuildFile; fileRef = 0F1C7C08BD3930EA34D7ACB6 /* Pods_WW_Exercise_01.framework */; };
/* End PBXBuildFile section */

/* Begin PBXContainerItemProxy section */
		B81FCBAF1D36AD1F003CE14D /* PBXContainerItemProxy */ = {
			isa = PBXContainerItemProxy;
			containerPortal = B81FCB921D36AD1F003CE14D /* Project object */;
			proxyType = 1;
			remoteGlobalIDString = B81FCB991D36AD1F003CE14D;
			remoteInfo = "WW-Exercise-01";
		};
		B81FCBBA1D36AD1F003CE14D /* PBXContainerItemProxy */ = {
			isa = PBXContainerItemProxy;
			containerPortal = B81FCB921D36AD1F003CE14D /* Project object */;
			proxyType = 1;
			remoteGlobalIDString = B81FCB991D36AD1F003CE14D;
			remoteInfo = "WW-Exercise-01";
		};
/* End PBXContainerItemProxy section */

/* Begin PBXFileReference section */
		0F1C7C08BD3930EA34D7ACB6 /* Pods_WW_Exercise_01.framework */ = {isa = PBXFileReference; explicitFileType = wrapper.framework; includeInIndex = 0; path = Pods_WW_Exercise_01.framework; sourceTree = BUILT_PRODUCTS_DIR; };
		B81FCB9A1D36AD1F003CE14D /* WW-Exercise-01.app */ = {isa = PBXFileReference; explicitFileType = wrapper.application; includeInIndex = 0; path = "WW-Exercise-01.app"; sourceTree = BUILT_PRODUCTS_DIR; };
		B81FCB9D1D36AD1F003CE14D /* AppDelegate.swift */ = {isa = PBXFileReference; lastKnownFileType = sourcecode.swift; path = AppDelegate.swift; sourceTree = "<group>"; };
		B81FCB9F1D36AD1F003CE14D /* ViewController.swift */ = {isa = PBXFileReference; lastKnownFileType = sourcecode.swift; path = ViewController.swift; sourceTree = "<group>"; };
		B81FCBA41D36AD1F003CE14D /* Assets.xcassets */ = {isa = PBXFileReference; lastKnownFileType = folder.assetcatalog; path = Assets.xcassets; sourceTree = "<group>"; };
		B81FCBA71D36AD1F003CE14D /* Base */ = {isa = PBXFileReference; lastKnownFileType = file.storyboard; name = Base; path = Base.lproj/LaunchScreen.storyboard; sourceTree = "<group>"; };
		B81FCBA91D36AD1F003CE14D /* Info.plist */ = {isa = PBXFileReference; lastKnownFileType = text.plist.xml; path = Info.plist; sourceTree = "<group>"; };
		B81FCBAE1D36AD1F003CE14D /* WW-Exercise-01Tests.xctest */ = {isa = PBXFileReference; explicitFileType = wrapper.cfbundle; includeInIndex = 0; path = "WW-Exercise-01Tests.xctest"; sourceTree = BUILT_PRODUCTS_DIR; };
		B81FCBB21D36AD1F003CE14D /* WW_Exercise_01Tests.swift */ = {isa = PBXFileReference; lastKnownFileType = sourcecode.swift; path = WW_Exercise_01Tests.swift; sourceTree = "<group>"; };
		B81FCBB41D36AD1F003CE14D /* Info.plist */ = {isa = PBXFileReference; lastKnownFileType = text.plist.xml; path = Info.plist; sourceTree = "<group>"; };
		B81FCBB91D36AD1F003CE14D /* WW-Exercise-01UITests.xctest */ = {isa = PBXFileReference; explicitFileType = wrapper.cfbundle; includeInIndex = 0; path = "WW-Exercise-01UITests.xctest"; sourceTree = BUILT_PRODUCTS_DIR; };
		B81FCBBD1D36AD1F003CE14D /* WW_Exercise_01UITests.swift */ = {isa = PBXFileReference; lastKnownFileType = sourcecode.swift; path = WW_Exercise_01UITests.swift; sourceTree = "<group>"; };
		B81FCBBF1D36AD1F003CE14D /* Info.plist */ = {isa = PBXFileReference; lastKnownFileType = text.plist.xml; path = Info.plist; sourceTree = "<group>"; };
		C2086772A102DB3B7EEB7DA6 /* Pods-WW-Exercise-01.release.xcconfig */ = {isa = PBXFileReference; includeInIndex = 1; lastKnownFileType = text.xcconfig; name = "Pods-WW-Exercise-01.release.xcconfig"; path = "Pods/Target Support Files/Pods-WW-Exercise-01/Pods-WW-Exercise-01.release.xcconfig"; sourceTree = "<group>"; };
		EA1D212533B23FB152E99DAA /* Pods-WW-Exercise-01.debug.xcconfig */ = {isa = PBXFileReference; includeInIndex = 1; lastKnownFileType = text.xcconfig; name = "Pods-WW-Exercise-01.debug.xcconfig"; path = "Pods/Target Support Files/Pods-WW-Exercise-01/Pods-WW-Exercise-01.debug.xcconfig"; sourceTree = "<group>"; };
/* End PBXFileReference section */

/* Begin PBXFrameworksBuildPhase section */
		B81FCB971D36AD1F003CE14D /* Frameworks */ = {
			isa = PBXFrameworksBuildPhase;
			buildActionMask = 2147483647;
			files = (
				F185F5495678FCA99DE40AD0 /* Pods_WW_Exercise_01.framework in Frameworks */,
			);
			runOnlyForDeploymentPostprocessing = 0;
		};
		B81FCBAB1D36AD1F003CE14D /* Frameworks */ = {
			isa = PBXFrameworksBuildPhase;
			buildActionMask = 2147483647;
			files = (
			);
			runOnlyForDeploymentPostprocessing = 0;
		};
		B81FCBB61D36AD1F003CE14D /* Frameworks */ = {
			isa = PBXFrameworksBuildPhase;
			buildActionMask = 2147483647;
			files = (
			);
			runOnlyForDeploymentPostprocessing = 0;
		};
/* End PBXFrameworksBuildPhase section */

/* Begin PBXGroup section */
		49051172316E6A7F275DA276 /* Pods */ = {
			isa = PBXGroup;
			children = (
				EA1D212533B23FB152E99DAA /* Pods-WW-Exercise-01.debug.xcconfig */,
				C2086772A102DB3B7EEB7DA6 /* Pods-WW-Exercise-01.release.xcconfig */,
			);
			name = Pods;
			sourceTree = "<group>";
		};
		B81FCB911D36AD1F003CE14D = {
			isa = PBXGroup;
			children = (
				B81FCB9C1D36AD1F003CE14D /* WW-Exercise-01 */,
				B81FCBB11D36AD1F003CE14D /* WW-Exercise-01Tests */,
				B81FCBBC1D36AD1F003CE14D /* WW-Exercise-01UITests */,
				B81FCB9B1D36AD1F003CE14D /* Products */,
				49051172316E6A7F275DA276 /* Pods */,
				D9F1E7B6766B17FECFD0DB06 /* Frameworks */,
			);
			sourceTree = "<group>";
		};
		B81FCB9B1D36AD1F003CE14D /* Products */ = {
			isa = PBXGroup;
			children = (
				B81FCB9A1D36AD1F003CE14D /* WW-Exercise-01.app */,
				B81FCBAE1D36AD1F003CE14D /* WW-Exercise-01Tests.xctest */,
				B81FCBB91D36AD1F003CE14D /* WW-Exercise-01UITests.xctest */,
			);
			name = Products;
			sourceTree = "<group>";
		};
		B81FCB9C1D36AD1F003CE14D /* WW-Exercise-01 */ = {
			isa = PBXGroup;
			children = (
				B81FCB9D1D36AD1F003CE14D /* AppDelegate.swift */,
				B81FCB9F1D36AD1F003CE14D /* ViewController.swift */,
				B81FCBA41D36AD1F003CE14D /* Assets.xcassets */,
				B81FCBA61D36AD1F003CE14D /* LaunchScreen.storyboard */,
				B81FCBA91D36AD1F003CE14D /* Info.plist */,
			);
			path = "WW-Exercise-01";
			sourceTree = "<group>";
		};
		B81FCBB11D36AD1F003CE14D /* WW-Exercise-01Tests */ = {
			isa = PBXGroup;
			children = (
				B81FCBB21D36AD1F003CE14D /* WW_Exercise_01Tests.swift */,
				B81FCBB41D36AD1F003CE14D /* Info.plist */,
			);
			path = "WW-Exercise-01Tests";
			sourceTree = "<group>";
		};
		B81FCBBC1D36AD1F003CE14D /* WW-Exercise-01UITests */ = {
			isa = PBXGroup;
			children = (
				B81FCBBD1D36AD1F003CE14D /* WW_Exercise_01UITests.swift */,
				B81FCBBF1D36AD1F003CE14D /* Info.plist */,
			);
			path = "WW-Exercise-01UITests";
			sourceTree = "<group>";
		};
		D9F1E7B6766B17FECFD0DB06 /* Frameworks */ = {
			isa = PBXGroup;
			children = (
				0F1C7C08BD3930EA34D7ACB6 /* Pods_WW_Exercise_01.framework */,
			);
			name = Frameworks;
			sourceTree = "<group>";
		};
/* End PBXGroup section */

/* Begin PBXNativeTarget section */
		B81FCB991D36AD1F003CE14D /* WW-Exercise-01 */ = {
			isa = PBXNativeTarget;
			buildConfigurationList = B81FCBC21D36AD1F003CE14D /* Build configuration list for PBXNativeTarget "WW-Exercise-01" */;
			buildPhases = (
				F3E378467C88EB560BDC7495 /* [CP] Check Pods Manifest.lock */,
				B81FCB961D36AD1F003CE14D /* Sources */,
				B81FCB971D36AD1F003CE14D /* Frameworks */,
				B81FCB981D36AD1F003CE14D /* Resources */,
				29CD32F82739BEF080824E7C /* [CP] Embed Pods Frameworks */,
				79AC248CC8A73F6773A36E1D /* [CP] Copy Pods Resources */,
			);
			buildRules = (
			);
			dependencies = (
			);
			name = "WW-Exercise-01";
			productName = "WW-Exercise-01";
			productReference = B81FCB9A1D36AD1F003CE14D /* WW-Exercise-01.app */;
			productType = "com.apple.product-type.application";
		};
		B81FCBAD1D36AD1F003CE14D /* WW-Exercise-01Tests */ = {
			isa = PBXNativeTarget;
			buildConfigurationList = B81FCBC51D36AD1F003CE14D /* Build configuration list for PBXNativeTarget "WW-Exercise-01Tests" */;
			buildPhases = (
				B81FCBAA1D36AD1F003CE14D /* Sources */,
				B81FCBAB1D36AD1F003CE14D /* Frameworks */,
				B81FCBAC1D36AD1F003CE14D /* Resources */,
			);
			buildRules = (
			);
			dependencies = (
				B81FCBB01D36AD1F003CE14D /* PBXTargetDependency */,
			);
			name = "WW-Exercise-01Tests";
			productName = "WW-Exercise-01Tests";
			productReference = B81FCBAE1D36AD1F003CE14D /* WW-Exercise-01Tests.xctest */;
			productType = "com.apple.product-type.bundle.unit-test";
		};
		B81FCBB81D36AD1F003CE14D /* WW-Exercise-01UITests */ = {
			isa = PBXNativeTarget;
			buildConfigurationList = B81FCBC81D36AD1F003CE14D /* Build configuration list for PBXNativeTarget "WW-Exercise-01UITests" */;
			buildPhases = (
				B81FCBB51D36AD1F003CE14D /* Sources */,
				B81FCBB61D36AD1F003CE14D /* Frameworks */,
				B81FCBB71D36AD1F003CE14D /* Resources */,
			);
			buildRules = (
			);
			dependencies = (
				B81FCBBB1D36AD1F003CE14D /* PBXTargetDependency */,
			);
			name = "WW-Exercise-01UITests";
			productName = "WW-Exercise-01UITests";
			productReference = B81FCBB91D36AD1F003CE14D /* WW-Exercise-01UITests.xctest */;
			productType = "com.apple.product-type.bundle.ui-testing";
		};
/* End PBXNativeTarget section */

/* Begin PBXProject section */
		B81FCB921D36AD1F003CE14D /* Project object */ = {
			isa = PBXProject;
			attributes = {
				LastSwiftUpdateCheck = 0730;
				LastUpgradeCheck = 0820;
				ORGANIZATIONNAME = "Weight Watchers";
				TargetAttributes = {
					B81FCB991D36AD1F003CE14D = {
						CreatedOnToolsVersion = 7.3.1;
						LastSwiftMigration = 0820;
					};
					B81FCBAD1D36AD1F003CE14D = {
						CreatedOnToolsVersion = 7.3.1;
						LastSwiftMigration = 0820;
						TestTargetID = B81FCB991D36AD1F003CE14D;
					};
					B81FCBB81D36AD1F003CE14D = {
						CreatedOnToolsVersion = 7.3.1;
						LastSwiftMigration = 0820;
						TestTargetID = B81FCB991D36AD1F003CE14D;
					};
				};
			};
			buildConfigurationList = B81FCB951D36AD1F003CE14D /* Build configuration list for PBXProject "WW-Exercise-01" */;
			compatibilityVersion = "Xcode 3.2";
			developmentRegion = English;
			hasScannedForEncodings = 0;
			knownRegions = (
				en,
				Base,
			);
			mainGroup = B81FCB911D36AD1F003CE14D;
			productRefGroup = B81FCB9B1D36AD1F003CE14D /* Products */;
			projectDirPath = "";
			projectRoot = "";
			targets = (
				B81FCB991D36AD1F003CE14D /* WW-Exercise-01 */,
				B81FCBAD1D36AD1F003CE14D /* WW-Exercise-01Tests */,
				B81FCBB81D36AD1F003CE14D /* WW-Exercise-01UITests */,
			);
		};
/* End PBXProject section */

/* Begin PBXResourcesBuildPhase section */
		B81FCB981D36AD1F003CE14D /* Resources */ = {
			isa = PBXResourcesBuildPhase;
			buildActionMask = 2147483647;
			files = (
				B81FCBCD1D36E016003CE14D /* LaunchScreen.storyboard in Resources */,
				B81FCBA51D36AD1F003CE14D /* Assets.xcassets in Resources */,
			);
			runOnlyForDeploymentPostprocessing = 0;
		};
		B81FCBAC1D36AD1F003CE14D /* Resources */ = {
			isa = PBXResourcesBuildPhase;
			buildActionMask = 2147483647;
			files = (
			);
			runOnlyForDeploymentPostprocessing = 0;
		};
		B81FCBB71D36AD1F003CE14D /* Resources */ = {
			isa = PBXResourcesBuildPhase;
			buildActionMask = 2147483647;
			files = (
			);
			runOnlyForDeploymentPostprocessing = 0;
		};
/* End PBXResourcesBuildPhase section */

/* Begin PBXShellScriptBuildPhase section */
		29CD32F82739BEF080824E7C /* [CP] Embed Pods Frameworks */ = {
			isa = PBXShellScriptBuildPhase;
			buildActionMask = 2147483647;
			files = (
			);
			inputPaths = (
			);
			name = "[CP] Embed Pods Frameworks";
			outputPaths = (
			);
			runOnlyForDeploymentPostprocessing = 0;
			shellPath = /bin/sh;
			shellScript = "\"${SRCROOT}/Pods/Target Support Files/Pods-WW-Exercise-01/Pods-WW-Exercise-01-frameworks.sh\"\n";
			showEnvVarsInLog = 0;
		};
		79AC248CC8A73F6773A36E1D /* [CP] Copy Pods Resources */ = {
			isa = PBXShellScriptBuildPhase;
			buildActionMask = 2147483647;
			files = (
			);
			inputPaths = (
			);
			name = "[CP] Copy Pods Resources";
			outputPaths = (
			);
			runOnlyForDeploymentPostprocessing = 0;
			shellPath = /bin/sh;
			shellScript = "\"${SRCROOT}/Pods/Target Support Files/Pods-WW-Exercise-01/Pods-WW-Exercise-01-resources.sh\"\n";
			showEnvVarsInLog = 0;
		};
		F3E378467C88EB560BDC7495 /* [CP] Check Pods Manifest.lock */ = {
			isa = PBXShellScriptBuildPhase;
			buildActionMask = 2147483647;
			files = (
			);
			inputPaths = (
			);
			name = "[CP] Check Pods Manifest.lock";
			outputPaths = (
			);
			runOnlyForDeploymentPostprocessing = 0;
			shellPath = /bin/sh;
			shellScript = "diff \"${PODS_ROOT}/../Podfile.lock\" \"${PODS_ROOT}/Manifest.lock\" > /dev/null\nif [ $? != 0 ] ; then\n    # print error to STDERR\n    echo \"error: The sandbox is not in sync with the Podfile.lock. Run 'pod install' or update your CocoaPods installation.\" >&2\n    exit 1\nfi\n";
			showEnvVarsInLog = 0;
		};
/* End PBXShellScriptBuildPhase section */

/* Begin PBXSourcesBuildPhase section */
		B81FCB961D36AD1F003CE14D /* Sources */ = {
			isa = PBXSourcesBuildPhase;
			buildActionMask = 2147483647;
			files = (
				B81FCBA01D36AD1F003CE14D /* ViewController.swift in Sources */,
				B81FCB9E1D36AD1F003CE14D /* AppDelegate.swift in Sources */,
			);
			runOnlyForDeploymentPostprocessing = 0;
		};
		B81FCBAA1D36AD1F003CE14D /* Sources */ = {
			isa = PBXSourcesBuildPhase;
			buildActionMask = 2147483647;
			files = (
				B81FCBB31D36AD1F003CE14D /* WW_Exercise_01Tests.swift in Sources */,
			);
			runOnlyForDeploymentPostprocessing = 0;
		};
		B81FCBB51D36AD1F003CE14D /* Sources */ = {
			isa = PBXSourcesBuildPhase;
			buildActionMask = 2147483647;
			files = (
				B81FCBBE1D36AD1F003CE14D /* WW_Exercise_01UITests.swift in Sources */,
			);
			runOnlyForDeploymentPostprocessing = 0;
		};
/* End PBXSourcesBuildPhase section */

/* Begin PBXTargetDependency section */
		B81FCBB01D36AD1F003CE14D /* PBXTargetDependency */ = {
			isa = PBXTargetDependency;
			target = B81FCB991D36AD1F003CE14D /* WW-Exercise-01 */;
			targetProxy = B81FCBAF1D36AD1F003CE14D /* PBXContainerItemProxy */;
		};
		B81FCBBB1D36AD1F003CE14D /* PBXTargetDependency */ = {
			isa = PBXTargetDependency;
			target = B81FCB991D36AD1F003CE14D /* WW-Exercise-01 */;
			targetProxy = B81FCBBA1D36AD1F003CE14D /* PBXContainerItemProxy */;
		};
/* End PBXTargetDependency section */

/* Begin PBXVariantGroup section */
		B81FCBA61D36AD1F003CE14D /* LaunchScreen.storyboard */ = {
			isa = PBXVariantGroup;
			children = (
				B81FCBA71D36AD1F003CE14D /* Base */,
			);
			name = LaunchScreen.storyboard;
			sourceTree = "<group>";
		};
/* End PBXVariantGroup section */

/* Begin XCBuildConfiguration section */
		B81FCBC01D36AD1F003CE14D /* Debug */ = {
			isa = XCBuildConfiguration;
			buildSettings = {
				ALWAYS_SEARCH_USER_PATHS = NO;
				CLANG_ANALYZER_NONNULL = YES;
				CLANG_CXX_LANGUAGE_STANDARD = "gnu++0x";
				CLANG_CXX_LIBRARY = "libc++";
				CLANG_ENABLE_MODULES = YES;
				CLANG_ENABLE_OBJC_ARC = YES;
				CLANG_WARN_BOOL_CONVERSION = YES;
				CLANG_WARN_CONSTANT_CONVERSION = YES;
				CLANG_WARN_DIRECT_OBJC_ISA_USAGE = YES_ERROR;
				CLANG_WARN_EMPTY_BODY = YES;
				CLANG_WARN_ENUM_CONVERSION = YES;
				CLANG_WARN_INFINITE_RECURSION = YES;
				CLANG_WARN_INT_CONVERSION = YES;
				CLANG_WARN_OBJC_ROOT_CLASS = YES_ERROR;
				CLANG_WARN_SUSPICIOUS_MOVE = YES;
				CLANG_WARN_UNREACHABLE_CODE = YES;
				CLANG_WARN__DUPLICATE_METHOD_MATCH = YES;
				"CODE_SIGN_IDENTITY[sdk=iphoneos*]" = "iPhone Developer";
				COPY_PHASE_STRIP = NO;
				DEBUG_INFORMATION_FORMAT = dwarf;
				ENABLE_STRICT_OBJC_MSGSEND = YES;
				ENABLE_TESTABILITY = YES;
				GCC_C_LANGUAGE_STANDARD = gnu99;
				GCC_DYNAMIC_NO_PIC = NO;
				GCC_NO_COMMON_BLOCKS = YES;
				GCC_OPTIMIZATION_LEVEL = 0;
				GCC_PREPROCESSOR_DEFINITIONS = (
					"DEBUG=1",
					"$(inherited)",
				);
				GCC_WARN_64_TO_32_BIT_CONVERSION = YES;
				GCC_WARN_ABOUT_RETURN_TYPE = YES_ERROR;
				GCC_WARN_UNDECLARED_SELECTOR = YES;
				GCC_WARN_UNINITIALIZED_AUTOS = YES_AGGRESSIVE;
				GCC_WARN_UNUSED_FUNCTION = YES;
				GCC_WARN_UNUSED_VARIABLE = YES;
				IPHONEOS_DEPLOYMENT_TARGET = 9.0;
				MTL_ENABLE_DEBUG_INFO = YES;
				ONLY_ACTIVE_ARCH = YES;
				SDKROOT = iphoneos;
				SWIFT_OPTIMIZATION_LEVEL = "-Onone";
				TARGETED_DEVICE_FAMILY = "1,2";
			};
			name = Debug;
		};
		B81FCBC11D36AD1F003CE14D /* Release */ = {
			isa = XCBuildConfiguration;
			buildSettings = {
				ALWAYS_SEARCH_USER_PATHS = NO;
				CLANG_ANALYZER_NONNULL = YES;
				CLANG_CXX_LANGUAGE_STANDARD = "gnu++0x";
				CLANG_CXX_LIBRARY = "libc++";
				CLANG_ENABLE_MODULES = YES;
				CLANG_ENABLE_OBJC_ARC = YES;
				CLANG_WARN_BOOL_CONVERSION = YES;
				CLANG_WARN_CONSTANT_CONVERSION = YES;
				CLANG_WARN_DIRECT_OBJC_ISA_USAGE = YES_ERROR;
				CLANG_WARN_EMPTY_BODY = YES;
				CLANG_WARN_ENUM_CONVERSION = YES;
				CLANG_WARN_INFINITE_RECURSION = YES;
				CLANG_WARN_INT_CONVERSION = YES;
				CLANG_WARN_OBJC_ROOT_CLASS = YES_ERROR;
				CLANG_WARN_SUSPICIOUS_MOVE = YES;
				CLANG_WARN_UNREACHABLE_CODE = YES;
				CLANG_WARN__DUPLICATE_METHOD_MATCH = YES;
				"CODE_SIGN_IDENTITY[sdk=iphoneos*]" = "iPhone Developer";
				COPY_PHASE_STRIP = NO;
				DEBUG_INFORMATION_FORMAT = "dwarf-with-dsym";
				ENABLE_NS_ASSERTIONS = NO;
				ENABLE_STRICT_OBJC_MSGSEND = YES;
				GCC_C_LANGUAGE_STANDARD = gnu99;
				GCC_NO_COMMON_BLOCKS = YES;
				GCC_WARN_64_TO_32_BIT_CONVERSION = YES;
				GCC_WARN_ABOUT_RETURN_TYPE = YES_ERROR;
				GCC_WARN_UNDECLARED_SELECTOR = YES;
				GCC_WARN_UNINITIALIZED_AUTOS = YES_AGGRESSIVE;
				GCC_WARN_UNUSED_FUNCTION = YES;
				GCC_WARN_UNUSED_VARIABLE = YES;
				IPHONEOS_DEPLOYMENT_TARGET = 9.0;
				MTL_ENABLE_DEBUG_INFO = NO;
				SDKROOT = iphoneos;
				SWIFT_OPTIMIZATION_LEVEL = "-Owholemodule";
				TARGETED_DEVICE_FAMILY = "1,2";
				VALIDATE_PRODUCT = YES;
			};
			name = Release;
		};
		B81FCBC31D36AD1F003CE14D /* Debug */ = {
			isa = XCBuildConfiguration;
			baseConfigurationReference = EA1D212533B23FB152E99DAA /* Pods-WW-Exercise-01.debug.xcconfig */;
			buildSettings = {
				ALWAYS_EMBED_SWIFT_STANDARD_LIBRARIES = YES;
				ASSETCATALOG_COMPILER_APPICON_NAME = AppIcon;
				INFOPLIST_FILE = "WW-Exercise-01/Info.plist";
				LD_RUNPATH_SEARCH_PATHS = "$(inherited) @executable_path/Frameworks";
				PRODUCT_BUNDLE_IDENTIFIER = "com.weightwatchers.WW-Exercise-01";
				PRODUCT_NAME = "$(TARGET_NAME)";
				SWIFT_VERSION = 3.0;
			};
			name = Debug;
		};
		B81FCBC41D36AD1F003CE14D /* Release */ = {
			isa = XCBuildConfiguration;
			baseConfigurationReference = C2086772A102DB3B7EEB7DA6 /* Pods-WW-Exercise-01.release.xcconfig */;
			buildSettings = {
				ALWAYS_EMBED_SWIFT_STANDARD_LIBRARIES = YES;
				ASSETCATALOG_COMPILER_APPICON_NAME = AppIcon;
				INFOPLIST_FILE = "WW-Exercise-01/Info.plist";
				LD_RUNPATH_SEARCH_PATHS = "$(inherited) @executable_path/Frameworks";
				PRODUCT_BUNDLE_IDENTIFIER = "com.weightwatchers.WW-Exercise-01";
				PRODUCT_NAME = "$(TARGET_NAME)";
				SWIFT_VERSION = 3.0;
			};
			name = Release;
		};
		B81FCBC61D36AD1F003CE14D /* Debug */ = {
			isa = XCBuildConfiguration;
			buildSettings = {
				BUNDLE_LOADER = "$(TEST_HOST)";
				INFOPLIST_FILE = "WW-Exercise-01Tests/Info.plist";
				LD_RUNPATH_SEARCH_PATHS = "$(inherited) @executable_path/Frameworks @loader_path/Frameworks";
				PRODUCT_BUNDLE_IDENTIFIER = "com.weightwatchers.WW-Exercise-01Tests";
				PRODUCT_NAME = "$(TARGET_NAME)";
				SWIFT_VERSION = 3.0;
				TEST_HOST = "$(BUILT_PRODUCTS_DIR)/WW-Exercise-01.app/WW-Exercise-01";
			};
			name = Debug;
		};
		B81FCBC71D36AD1F003CE14D /* Release */ = {
			isa = XCBuildConfiguration;
			buildSettings = {
				BUNDLE_LOADER = "$(TEST_HOST)";
				INFOPLIST_FILE = "WW-Exercise-01Tests/Info.plist";
				LD_RUNPATH_SEARCH_PATHS = "$(inherited) @executable_path/Frameworks @loader_path/Frameworks";
				PRODUCT_BUNDLE_IDENTIFIER = "com.weightwatchers.WW-Exercise-01Tests";
				PRODUCT_NAME = "$(TARGET_NAME)";
				SWIFT_VERSION = 3.0;
				TEST_HOST = "$(BUILT_PRODUCTS_DIR)/WW-Exercise-01.app/WW-Exercise-01";
			};
			name = Release;
		};
		B81FCBC91D36AD1F003CE14D /* Debug */ = {
			isa = XCBuildConfiguration;
			buildSettings = {
				INFOPLIST_FILE = "WW-Exercise-01UITests/Info.plist";
				LD_RUNPATH_SEARCH_PATHS = "$(inherited) @executable_path/Frameworks @loader_path/Frameworks";
				PRODUCT_BUNDLE_IDENTIFIER = "com.weightwatchers.WW-Exercise-01UITests";
				PRODUCT_NAME = "$(TARGET_NAME)";
				SWIFT_VERSION = 3.0;
				TEST_TARGET_NAME = "WW-Exercise-01";
			};
			name = Debug;
		};
		B81FCBCA1D36AD1F003CE14D /* Release */ = {
			isa = XCBuildConfiguration;
			buildSettings = {
				INFOPLIST_FILE = "WW-Exercise-01UITests/Info.plist";
				LD_RUNPATH_SEARCH_PATHS = "$(inherited) @executable_path/Frameworks @loader_path/Frameworks";
				PRODUCT_BUNDLE_IDENTIFIER = "com.weightwatchers.WW-Exercise-01UITests";
				PRODUCT_NAME = "$(TARGET_NAME)";
				SWIFT_VERSION = 3.0;
				TEST_TARGET_NAME = "WW-Exercise-01";
			};
			name = Release;
		};
/* End XCBuildConfiguration section */

/* Begin XCConfigurationList section */
		B81FCB951D36AD1F003CE14D /* Build configuration list for PBXProject "WW-Exercise-01" */ = {
			isa = XCConfigurationList;
			buildConfigurations = (
				B81FCBC01D36AD1F003CE14D /* Debug */,
				B81FCBC11D36AD1F003CE14D /* Release */,
			);
			defaultConfigurationIsVisible = 0;
			defaultConfigurationName = Release;
		};
		B81FCBC21D36AD1F003CE14D /* Build configuration list for PBXNativeTarget "WW-Exercise-01" */ = {
			isa = XCConfigurationList;
			buildConfigurations = (
				B81FCBC31D36AD1F003CE14D /* Debug */,
				B81FCBC41D36AD1F003CE14D /* Release */,
			);
			defaultConfigurationIsVisible = 0;
			defaultConfigurationName = Release;
		};
		B81FCBC51D36AD1F003CE14D /* Build configuration list for PBXNativeTarget "WW-Exercise-01Tests" */ = {
			isa = XCConfigurationList;
			buildConfigurations = (
				B81FCBC61D36AD1F003CE14D /* Debug */,
				B81FCBC71D36AD1F003CE14D /* Release */,
			);
			defaultConfigurationIsVisible = 0;
			defaultConfigurationName = Release;
		};
		B81FCBC81D36AD1F003CE14D /* Build configuration list for PBXNativeTarget "WW-Exercise-01UITests" */ = {
			isa = XCConfigurationList;
			buildConfigurations = (
				B81FCBC91D36AD1F003CE14D /* Debug */,
				B81FCBCA1D36AD1F003CE14D /* Release */,
			);
			defaultConfigurationIsVisible = 0;
			defaultConfigurationName = Release;
		};
/* End XCConfigurationList section */
	};
	rootObject = B81FCB921D36AD1F003CE14D /* Project object */;
}
